
Microsoft Visual Studio Solution File, Format Version 12.00
# Visual Studio Version 17
VisualStudioVersion = 17.14.36616.10
MinimumVisualStudioVersion = 10.0.40219.1
Project("{FAE04EC0-301F-11D3-BF4B-00C04F79EFBC}") = "ModerationService", "ModerationService\ModerationService.csproj", "{BEFAC51F-C4A8-DDCB-46C4-2DAEE35AF459}"
EndProject
Project("{FAE04EC0-301F-11D3-BF4B-00C04F79EFBC}") = "ModerationService.BLL", "ModerationService.BLL\ModerationService.BLL.csproj", "{0AA1E5AC-CDCD-41B7-929C-BDDB6970D2E9}"
EndProject
Project("{2150E333-8FDC-42A3-9474-1A3956D46DE8}") = "Элементы решения", "Элементы решения", "{754FC069-D67B-A9D7-50A1-8D1CA196D8F1}"
	ProjectSection(SolutionItems) = preProject
		README.md = README.md
	EndProjectSection
EndProject
Project("{FAE04EC0-301F-11D3-BF4B-00C04F79EFBC}") = "ModerationService.DAL", "ModerationService.DAL\ModerationService.DAL.csproj", "{0377DB90-B799-AE8A-A002-53C5BEEC5ADD}"
EndProject
Project("{FAE04EC0-301F-11D3-BF4B-00C04F79EFBC}") = "ModerationService.Common", "ModerationService.Common\ModerationService.Common.csproj", "{89109912-C527-E72F-CB15-B848CE97D05D}"
EndProject
Project("{FAE04EC0-301F-11D3-BF4B-00C04F79EFBC}") = "ModerationService.Tests", "ModerationService.Tests\ModerationService.Tests.csproj", "{2B279DA6-7F39-4DBB-A544-0EBE714A6413}"
EndProject
Project("{2150E333-8FDC-42A3-9474-1A3956D46DE8}") = "Solution Items", "Solution Items", "{36D591C7-65C7-A0D1-1CBC-10CDE441BDC8}"
	ProjectSection(SolutionItems) = preProject
		.editorconfig = .editorconfig
	EndProjectSection
EndProject
Global
	GlobalSection(SolutionConfigurationPlatforms) = preSolution
		Debug|Any CPU = Debug|Any CPU
		Release|Any CPU = Release|Any CPU
	EndGlobalSection
	GlobalSection(ProjectConfigurationPlatforms) = postSolution
		{BEFAC51F-C4A8-DDCB-46C4-2DAEE35AF459}.Debug|Any CPU.ActiveCfg = Debug|Any CPU
		{BEFAC51F-C4A8-DDCB-46C4-2DAEE35AF459}.Debug|Any CPU.Build.0 = Debug|Any CPU
		{BEFAC51F-C4A8-DDCB-46C4-2DAEE35AF459}.Release|Any CPU.ActiveCfg = Release|Any CPU
		{BEFAC51F-C4A8-DDCB-46C4-2DAEE35AF459}.Release|Any CPU.Build.0 = Release|Any CPU
		{0AA1E5AC-CDCD-41B7-929C-BDDB6970D2E9}.Debug|Any CPU.ActiveCfg = Debug|Any CPU
		{0AA1E5AC-CDCD-41B7-929C-BDDB6970D2E9}.Debug|Any CPU.Build.0 = Debug|Any CPU
		{0AA1E5AC-CDCD-41B7-929C-BDDB6970D2E9}.Release|Any CPU.ActiveCfg = Release|Any CPU
		{0AA1E5AC-CDCD-41B7-929C-BDDB6970D2E9}.Release|Any CPU.Build.0 = Release|Any CPU
		{0377DB90-B799-AE8A-A002-53C5BEEC5ADD}.Debug|Any CPU.ActiveCfg = Debug|Any CPU
		{0377DB90-B799-AE8A-A002-53C5BEEC5ADD}.Debug|Any CPU.Build.0 = Debug|Any CPU
		{0377DB90-B799-AE8A-A002-53C5BEEC5ADD}.Release|Any CPU.ActiveCfg = Release|Any CPU
		{0377DB90-B799-AE8A-A002-53C5BEEC5ADD}.Release|Any CPU.Build.0 = Release|Any CPU
		{89109912-C527-E72F-CB15-B848CE97D05D}.Debug|Any CPU.ActiveCfg = Debug|Any CPU
		{89109912-C527-E72F-CB15-B848CE97D05D}.Debug|Any CPU.Build.0 = Debug|Any CPU
		{89109912-C527-E72F-CB15-B848CE97D05D}.Release|Any CPU.ActiveCfg = Release|Any CPU
		{89109912-C527-E72F-CB15-B848CE97D05D}.Release|Any CPU.Build.0 = Release|Any CPU
		{2B279DA6-7F39-4DBB-A544-0EBE714A6413}.Debug|Any CPU.ActiveCfg = Debug|Any CPU
		{2B279DA6-7F39-4DBB-A544-0EBE714A6413}.Debug|Any CPU.Build.0 = Debug|Any CPU
		{2B279DA6-7F39-4DBB-A544-0EBE714A6413}.Release|Any CPU.ActiveCfg = Release|Any CPU
		{2B279DA6-7F39-4DBB-A544-0EBE714A6413}.Release|Any CPU.Build.0 = Release|Any CPU
	EndGlobalSection
	GlobalSection(SolutionProperties) = preSolution
		HideSolutionNode = FALSE
	EndGlobalSection
	GlobalSection(ExtensibilityGlobals) = postSolution
		SolutionGuid = {B89EDA9F-806E-48CC-AFD7-BE28E7E69090}
	EndGlobalSection
EndGlobal
